
Microsoft Visual Studio Solution File, Format Version 11.00
# Visual Studio 2010
Project("{FAE04EC0-301F-11D3-BF4B-00C04F79EFBC}") = "Graph", "Graph\Graph.csproj", "{A4171DB9-C382-46EA-8167-8703BA3EB29E}"
EndProject
Project("{FAE04EC0-301F-11D3-BF4B-00C04F79EFBC}") = "ClassLibrary", "ClassLibrary\ClassLibrary.csproj", "{094249D9-59B4-4225-BD1F-30E442456C70}"
EndProject
Global
	GlobalSection(SolutionConfigurationPlatforms) = preSolution
		Debug|Any CPU = Debug|Any CPU
		Debug|Mixed Platforms = Debug|Mixed Platforms
		Debug|x86 = Debug|x86
		Release|Any CPU = Release|Any CPU
		Release|Mixed Platforms = Release|Mixed Platforms
		Release|x86 = Release|x86
	EndGlobalSection
	GlobalSection(ProjectConfigurationPlatforms) = postSolution
		{A4171DB9-C382-46EA-8167-8703BA3EB29E}.Debug|Any CPU.ActiveCfg = Debug|x86
		{A4171DB9-C382-46EA-8167-8703BA3EB29E}.Debug|Mixed Platforms.ActiveCfg = Debug|x86
		{A4171DB9-C382-46EA-8167-8703BA3EB29E}.Debug|Mixed Platforms.Build.0 = Debug|x86
		{A4171DB9-C382-46EA-8167-8703BA3EB29E}.Debug|x86.ActiveCfg = Debug|x86
		{A4171DB9-C382-46EA-8167-8703BA3EB29E}.Debug|x86.Build.0 = Debug|x86
		{A4171DB9-C382-46EA-8167-8703BA3EB29E}.Release|Any CPU.ActiveCfg = Release|x86
		{A4171DB9-C382-46EA-8167-8703BA3EB29E}.Release|Mixed Platforms.ActiveCfg = Release|x86
		{A4171DB9-C382-46EA-8167-8703BA3EB29E}.Release|Mixed Platforms.Build.0 = Release|x86
		{A4171DB9-C382-46EA-8167-8703BA3EB29E}.Release|x86.ActiveCfg = Release|x86
		{A4171DB9-C382-46EA-8167-8703BA3EB29E}.Release|x86.Build.0 = Release|x86
		{094249D9-59B4-4225-BD1F-30E442456C70}.Debug|Any CPU.ActiveCfg = Debug|Any CPU
		{094249D9-59B4-4225-BD1F-30E442456C70}.Debug|Any CPU.Build.0 = Debug|Any CPU
		{094249D9-59B4-4225-BD1F-30E442456C70}.Debug|Mixed Platforms.ActiveCfg = Debug|Any CPU
		{094249D9-59B4-4225-BD1F-30E442456C70}.Debug|Mixed Platforms.Build.0 = Debug|Any CPU
		{094249D9-59B4-4225-BD1F-30E442456C70}.Debug|x86.ActiveCfg = Debug|Any CPU
		{094249D9-59B4-4225-BD1F-30E442456C70}.Release|Any CPU.ActiveCfg = Release|Any CPU
		{094249D9-59B4-4225-BD1F-30E442456C70}.Release|Any CPU.Build.0 = Release|Any CPU
		{094249D9-59B4-4225-BD1F-30E442456C70}.Release|Mixed Platforms.ActiveCfg = Release|Any CPU
		{094249D9-59B4-4225-BD1F-30E442456C70}.Release|Mixed Platforms.Build.0 = Release|Any CPU
		{094249D9-59B4-4225-BD1F-30E442456C70}.Release|x86.ActiveCfg = Release|Any CPU
	EndGlobalSection
	GlobalSection(SolutionProperties) = preSolution
		HideSolutionNode = FALSE
	EndGlobalSection
EndGlobal
